
Microsoft Visual Studio Solution File, Format Version 12.00
# Visual Studio Version 16
VisualStudioVersion = 16.6.30114.105
MinimumVisualStudioVersion = 10.0.40219.1
Project("{FAE04EC0-301F-11D3-BF4B-00C04F79EFBC}") = "Wimm.API", "Wimm.API\Wimm.API.csproj", "{D57BABF4-37D7-4A6E-A785-A69CC4CAEEEA}"
EndProject
Project("{FAE04EC0-301F-11D3-BF4B-00C04F79EFBC}") = "Wimm.Infrastructure", "Wimm.Infrastructure\Wimm.Infrastructure.csproj", "{1222266D-EE9C-4929-94EC-7475F38E3133}"
EndProject
Project("{FAE04EC0-301F-11D3-BF4B-00C04F79EFBC}") = "Wimm.Core", "Wimm.Core\Wimm.Core.csproj", "{FA5F2730-3551-46C3-95F1-0F01E2003E6F}"
EndProject
Project("{FAE04EC0-301F-11D3-BF4B-00C04F79EFBC}") = "Wimm.Logging", "Wimm.Logging\Wimm.Logging.csproj", "{1D9A1D2F-1DAD-488A-8000-61DEE6314447}"
EndProject
Global
	GlobalSection(SolutionConfigurationPlatforms) = preSolution
		Debug|Any CPU = Debug|Any CPU
		Debug|x64 = Debug|x64
		Debug|x86 = Debug|x86
		Release|Any CPU = Release|Any CPU
		Release|x64 = Release|x64
		Release|x86 = Release|x86
	EndGlobalSection
	GlobalSection(SolutionProperties) = preSolution
		HideSolutionNode = FALSE
	EndGlobalSection
	GlobalSection(ProjectConfigurationPlatforms) = postSolution
		{D57BABF4-37D7-4A6E-A785-A69CC4CAEEEA}.Debug|Any CPU.ActiveCfg = Debug|Any CPU
		{D57BABF4-37D7-4A6E-A785-A69CC4CAEEEA}.Debug|Any CPU.Build.0 = Debug|Any CPU
		{D57BABF4-37D7-4A6E-A785-A69CC4CAEEEA}.Debug|x64.ActiveCfg = Debug|Any CPU
		{D57BABF4-37D7-4A6E-A785-A69CC4CAEEEA}.Debug|x64.Build.0 = Debug|Any CPU
		{D57BABF4-37D7-4A6E-A785-A69CC4CAEEEA}.Debug|x86.ActiveCfg = Debug|Any CPU
		{D57BABF4-37D7-4A6E-A785-A69CC4CAEEEA}.Debug|x86.Build.0 = Debug|Any CPU
		{D57BABF4-37D7-4A6E-A785-A69CC4CAEEEA}.Release|Any CPU.ActiveCfg = Release|Any CPU
		{D57BABF4-37D7-4A6E-A785-A69CC4CAEEEA}.Release|Any CPU.Build.0 = Release|Any CPU
		{D57BABF4-37D7-4A6E-A785-A69CC4CAEEEA}.Release|x64.ActiveCfg = Release|Any CPU
		{D57BABF4-37D7-4A6E-A785-A69CC4CAEEEA}.Release|x64.Build.0 = Release|Any CPU
		{D57BABF4-37D7-4A6E-A785-A69CC4CAEEEA}.Release|x86.ActiveCfg = Release|Any CPU
		{D57BABF4-37D7-4A6E-A785-A69CC4CAEEEA}.Release|x86.Build.0 = Release|Any CPU
		{1222266D-EE9C-4929-94EC-7475F38E3133}.Debug|Any CPU.ActiveCfg = Debug|Any CPU
		{1222266D-EE9C-4929-94EC-7475F38E3133}.Debug|Any CPU.Build.0 = Debug|Any CPU
		{1222266D-EE9C-4929-94EC-7475F38E3133}.Debug|x64.ActiveCfg = Debug|Any CPU
		{1222266D-EE9C-4929-94EC-7475F38E3133}.Debug|x64.Build.0 = Debug|Any CPU
		{1222266D-EE9C-4929-94EC-7475F38E3133}.Debug|x86.ActiveCfg = Debug|Any CPU
		{1222266D-EE9C-4929-94EC-7475F38E3133}.Debug|x86.Build.0 = Debug|Any CPU
		{1222266D-EE9C-4929-94EC-7475F38E3133}.Release|Any CPU.ActiveCfg = Release|Any CPU
		{1222266D-EE9C-4929-94EC-7475F38E3133}.Release|Any CPU.Build.0 = Release|Any CPU
		{1222266D-EE9C-4929-94EC-7475F38E3133}.Release|x64.ActiveCfg = Release|Any CPU
		{1222266D-EE9C-4929-94EC-7475F38E3133}.Release|x64.Build.0 = Release|Any CPU
		{1222266D-EE9C-4929-94EC-7475F38E3133}.Release|x86.ActiveCfg = Release|Any CPU
		{1222266D-EE9C-4929-94EC-7475F38E3133}.Release|x86.Build.0 = Release|Any CPU
		{FA5F2730-3551-46C3-95F1-0F01E2003E6F}.Debug|Any CPU.ActiveCfg = Debug|Any CPU
		{FA5F2730-3551-46C3-95F1-0F01E2003E6F}.Debug|Any CPU.Build.0 = Debug|Any CPU
		{FA5F2730-3551-46C3-95F1-0F01E2003E6F}.Debug|x64.ActiveCfg = Debug|Any CPU
		{FA5F2730-3551-46C3-95F1-0F01E2003E6F}.Debug|x64.Build.0 = Debug|Any CPU
		{FA5F2730-3551-46C3-95F1-0F01E2003E6F}.Debug|x86.ActiveCfg = Debug|Any CPU
		{FA5F2730-3551-46C3-95F1-0F01E2003E6F}.Debug|x86.Build.0 = Debug|Any CPU
		{FA5F2730-3551-46C3-95F1-0F01E2003E6F}.Release|Any CPU.ActiveCfg = Release|Any CPU
		{FA5F2730-3551-46C3-95F1-0F01E2003E6F}.Release|Any CPU.Build.0 = Release|Any CPU
		{FA5F2730-3551-46C3-95F1-0F01E2003E6F}.Release|x64.ActiveCfg = Release|Any CPU
		{FA5F2730-3551-46C3-95F1-0F01E2003E6F}.Release|x64.Build.0 = Release|Any CPU
		{FA5F2730-3551-46C3-95F1-0F01E2003E6F}.Release|x86.ActiveCfg = Release|Any CPU
		{FA5F2730-3551-46C3-95F1-0F01E2003E6F}.Release|x86.Build.0 = Release|Any CPU
		{1D9A1D2F-1DAD-488A-8000-61DEE6314447}.Debug|Any CPU.ActiveCfg = Debug|Any CPU
		{1D9A1D2F-1DAD-488A-8000-61DEE6314447}.Debug|Any CPU.Build.0 = Debug|Any CPU
		{1D9A1D2F-1DAD-488A-8000-61DEE6314447}.Debug|x64.ActiveCfg = Debug|Any CPU
		{1D9A1D2F-1DAD-488A-8000-61DEE6314447}.Debug|x64.Build.0 = Debug|Any CPU
		{1D9A1D2F-1DAD-488A-8000-61DEE6314447}.Debug|x86.ActiveCfg = Debug|Any CPU
		{1D9A1D2F-1DAD-488A-8000-61DEE6314447}.Debug|x86.Build.0 = Debug|Any CPU
		{1D9A1D2F-1DAD-488A-8000-61DEE6314447}.Release|Any CPU.ActiveCfg = Release|Any CPU
		{1D9A1D2F-1DAD-488A-8000-61DEE6314447}.Release|Any CPU.Build.0 = Release|Any CPU
		{1D9A1D2F-1DAD-488A-8000-61DEE6314447}.Release|x64.ActiveCfg = Release|Any CPU
		{1D9A1D2F-1DAD-488A-8000-61DEE6314447}.Release|x64.Build.0 = Release|Any CPU
		{1D9A1D2F-1DAD-488A-8000-61DEE6314447}.Release|x86.ActiveCfg = Release|Any CPU
		{1D9A1D2F-1DAD-488A-8000-61DEE6314447}.Release|x86.Build.0 = Release|Any CPU
	EndGlobalSection
EndGlobal
